{
  "name": "flipdot",
  "version": "0.1.0",
  "lockfileVersion": 1,
  "requires": true,
  "dependencies": {
    "@types/node": {
      "version": "16.11.31",
      "resolved": "https://registry.npmjs.org/@types/node/-/node-16.11.31.tgz",
      "integrity": "sha512-wh/d0pcu/Ie2mqTIqh4tjd0mLAB4JWxOjHQtLN20HS7sjMHiV4Afr+90hITTyZcxowwha5wjv32jGEn1zkEFMg==",
      "dev": true
    },
    "blessed": {
      "version": "0.1.81",
      "resolved": "https://registry.npmjs.org/blessed/-/blessed-0.1.81.tgz",
      "integrity": "sha1-+WLWh+wsNpVwrnGvhDJW5tDKESk="
    },
    "typescript": {
      "version": "4.6.3",
      "resolved": "https://registry.npmjs.org/typescript/-/typescript-4.6.3.tgz",
      "integrity": "sha512-yNIatDa5iaofVozS/uQJEl3JRWLKKGJKh6Yaiv0GLGSuhpFJe7P3SbHZ8/yjAHRQwKRoA6YZqlfjXWmVzoVSMw==",
      "dev": true
    }
  }
}
